
Microsoft Visual Studio Solution File, Format Version 12.00
# Visual Studio Version 16
VisualStudioVersion = 16.0.30709.132
MinimumVisualStudioVersion = 10.0.40219.1
Project("{9A19103F-16F7-4668-BE54-9A1E7A4F7556}") = "InterviewerSevice", "InterviewerService\InterviewerSevice.csproj", "{45FD3A2D-0ABA-4EF7-857F-DCA7EF2EFA26}"
EndProject
Project("{9A19103F-16F7-4668-BE54-9A1E7A4F7556}") = "IASK.InterviewerEngine", "IASK.InterviewerEngine\IASK.InterviewerEngine.csproj", "{86946004-D2C3-46BB-AE3C-B7E04161573A}"
EndProject
Project("{9A19103F-16F7-4668-BE54-9A1E7A4F7556}") = "IASK.Tests.InterviewerEngineTests", "IASK.Tests.InterviewerEngineTests\IASK.Tests.InterviewerEngineTests.csproj", "{BD44F42E-9D09-45F6-A4B9-A7D4D0FC8679}"
EndProject
Project("{9A19103F-16F7-4668-BE54-9A1E7A4F7556}") = "IASK.ETIntegration", "IASK.ETIntegration\IASK.ETIntegration.csproj", "{678DF6E8-C7DB-4819-83C0-F8C6DC65F4BC}"
EndProject
Project("{9A19103F-16F7-4668-BE54-9A1E7A4F7556}") = "IASK.Common", "IASK.Common\IASK.Common.csproj", "{C6B47A84-4980-4CD0-AC8F-C832CC705F89}"
EndProject
Project("{2150E333-8FDC-42A3-9474-1A3956D46DE8}") = "Cases", "Cases", "{B0AF2136-AA5B-469E-8790-436BFE42F64F}"
EndProject
Project("{9A19103F-16F7-4668-BE54-9A1E7A4F7556}") = "IASK.Cases.UI", "IASK.Cases.UI\IASK.Cases.UI.csproj", "{A5AD9DB5-194D-4A7B-96EA-5F9467BB023C}"
EndProject
Project("{9A19103F-16F7-4668-BE54-9A1E7A4F7556}") = "IASK.Cases.Checker", "IASK.Cases.Checker\IASK.Cases.Checker.csproj", "{146EDF6D-F1B0-4EA4-B14E-466BBB756082}"
EndProject
Project("{9A19103F-16F7-4668-BE54-9A1E7A4F7556}") = "IASK.Cases.ETIntegration", "IASK.Cases.ETIntegration\IASK.Cases.ETIntegration.csproj", "{7837F696-7B08-46DA-8D16-A1B76A9688ED}"
EndProject
Project("{9A19103F-16F7-4668-BE54-9A1E7A4F7556}") = "IASK.Cases.AnatomicAtlas", "IASK.Cases.AnatomicAtlas\IASK.Cases.AnatomicAtlas.csproj", "{22F19EBE-6458-44FC-9B13-A0AF44C10C35}"
EndProject
Project("{2150E333-8FDC-42A3-9474-1A3956D46DE8}") = "Libs", "Libs", "{A0BBD039-A3A2-4544-B247-A072CE9E3BEE}"
EndProject
Project("{9A19103F-16F7-4668-BE54-9A1E7A4F7556}") = "IASK.Tests.Cases.DIComplitionTest", "IASK.Tests.Cases.DIComplitionTest\IASK.Tests.Cases.DIComplitionTest.csproj", "{25818CCA-23C8-4B03-8925-8E753535E724}"
EndProject
Project("{9A19103F-16F7-4668-BE54-9A1E7A4F7556}") = "IASK.Tests.InterviewerServiceTests", "IASK.Tests.InterviewerServiceTests\IASK.Tests.InterviewerServiceTests.csproj", "{677AF8DD-843D-4C59-8D8E-29828D0EDBEA}"
EndProject
Project("{2150E333-8FDC-42A3-9474-1A3956D46DE8}") = "Tests", "Tests", "{8C8FC27A-D1CD-4BF8-B7F6-38392AE2C3DE}"
EndProject
Project("{9A19103F-16F7-4668-BE54-9A1E7A4F7556}") = "IASK.DataStorage", "IASK.DataStorage\IASK.DataStorage.csproj", "{CC472D80-A296-4554-B15F-672D2A5A2F73}"
EndProject
Project("{9A19103F-16F7-4668-BE54-9A1E7A4F7556}") = "IASK.EMC.Core", "IASK.EMC.Core\IASK.EMC.Core.csproj", "{8A207527-3A36-4DEB-BE3B-7F03B3064FA8}"
EndProject
Project("{9A19103F-16F7-4668-BE54-9A1E7A4F7556}") = "IASK.Cases.EMCReader", "IASK.Cases.EMCReader\IASK.Cases.EMCReader.csproj", "{E5964BAC-23A5-430E-B37A-A285CFEB66C1}"
EndProject
Project("{9A19103F-16F7-4668-BE54-9A1E7A4F7556}") = "IASK.Cases.EMCWriter", "IASK.Cases.EMCWriter\IASK.Cases.EMCWriter.csproj", "{0077996D-5BDA-4459-82E2-06DB694E73CA}"
EndProject
Project("{9A19103F-16F7-4668-BE54-9A1E7A4F7556}") = "IASK.Tests.Cases.EMCWriter", "IASK.Tests.Cases.EMCWriter\IASK.Tests.Cases.EMCWriter.csproj", "{CF60A46F-FF5B-436A-BD7B-96800AB0055D}"
EndProject
Project("{9A19103F-16F7-4668-BE54-9A1E7A4F7556}") = "IASK.Tests.Cases.EMCReader", "IASK.Tests.Cases.EMCReader\IASK.Tests.Cases.EMCReader.csproj", "{49AF3402-A8C2-4BD2-945C-169576083A53}"
EndProject
Project("{2150E333-8FDC-42A3-9474-1A3956D46DE8}") = "EMC", "EMC", "{70C7E4E6-2AEB-4293-8A4D-4E42FD4C5298}"
EndProject
Project("{9A19103F-16F7-4668-BE54-9A1E7A4F7556}") = "IASK.EMC.Instruments", "IASK.EMC.Instruments\IASK.EMC.Instruments.csproj", "{B140B93F-BD19-4D40-B53B-BE3417A15E41}"
EndProject
Project("{9A19103F-16F7-4668-BE54-9A1E7A4F7556}") = "IASK.Cases.JsonStorage", "IASK.Cases.JsonStorage\IASK.Cases.JsonStorage.csproj", "{90690D64-6895-45D9-BB7A-595A735FC994}"
EndProject
Project("{9A19103F-16F7-4668-BE54-9A1E7A4F7556}") = "IASK.Tests.Cases.JsonStorage", "IASK.Tests.Cases.JsonStorage\IASK.Tests.Cases.JsonStorage.csproj", "{1D98F88E-2094-4D3B-B274-0DBB0CE0FC46}"
EndProject
Project("{9A19103F-16F7-4668-BE54-9A1E7A4F7556}") = "IASK.Tests.Base", "IASK.Tests.Base\IASK.Tests.Base.csproj", "{4FCD78CE-ADD8-4E16-BB78-041373DD690D}"
EndProject
Project("{9A19103F-16F7-4668-BE54-9A1E7A4F7556}") = "IASK.Tests.EMC", "IASK.Tests.EMC\IASK.Tests.EMC.csproj", "{DA9F3069-1FD3-4E30-8106-B6A48123B2AC}"
EndProject
Project("{9A19103F-16F7-4668-BE54-9A1E7A4F7556}") = "IASK.Cases.Semantic", "IASK.Cases.Semantic\IASK.Cases.Semantic.csproj", "{972A964C-E079-41F8-9613-BB41BF39B5AA}"
EndProject
Project("{9A19103F-16F7-4668-BE54-9A1E7A4F7556}") = "IASK.Test.DataHub", "IASK.Test.DataHub\IASK.Test.DataHub.csproj", "{2CC9DD59-D03F-433A-A6CF-B9EEB4AB1D67}"
EndProject
Project("{9A19103F-16F7-4668-BE54-9A1E7A4F7556}") = "IASK.DataHub", "IASK.DataHub\IASK.DataHub.csproj", "{B44548A1-21EA-486B-AE7F-88D5A837FEB4}"
EndProject
Project("{FAE04EC0-301F-11D3-BF4B-00C04F79EFBC}") = "IASK.Cases.DataHub", "IASK.Cases.DataHub\IASK.Cases.DataHub.csproj", "{0D3E50DD-E9EA-433B-9A5D-9F4202F47F50}"
EndProject
Project("{9A19103F-16F7-4668-BE54-9A1E7A4F7556}") = "client1", "client1\client1.csproj", "{46734E3B-1247-4060-930A-8BDD23AC5BFA}"
EndProject
Project("{9A19103F-16F7-4668-BE54-9A1E7A4F7556}") = "client2", "client2\client2.csproj", "{B3308DC1-719A-4B3C-B8F6-595250D7DE58}"
EndProject
Global
	GlobalSection(SolutionConfigurationPlatforms) = preSolution
		Debug|Any CPU = Debug|Any CPU
		Release|Any CPU = Release|Any CPU
	EndGlobalSection
	GlobalSection(ProjectConfigurationPlatforms) = postSolution
		{45FD3A2D-0ABA-4EF7-857F-DCA7EF2EFA26}.Debug|Any CPU.ActiveCfg = Debug|Any CPU
		{45FD3A2D-0ABA-4EF7-857F-DCA7EF2EFA26}.Debug|Any CPU.Build.0 = Debug|Any CPU
		{45FD3A2D-0ABA-4EF7-857F-DCA7EF2EFA26}.Release|Any CPU.ActiveCfg = Release|Any CPU
		{45FD3A2D-0ABA-4EF7-857F-DCA7EF2EFA26}.Release|Any CPU.Build.0 = Release|Any CPU
		{86946004-D2C3-46BB-AE3C-B7E04161573A}.Debug|Any CPU.ActiveCfg = Debug|Any CPU
		{86946004-D2C3-46BB-AE3C-B7E04161573A}.Debug|Any CPU.Build.0 = Debug|Any CPU
		{86946004-D2C3-46BB-AE3C-B7E04161573A}.Release|Any CPU.ActiveCfg = Release|Any CPU
		{86946004-D2C3-46BB-AE3C-B7E04161573A}.Release|Any CPU.Build.0 = Release|Any CPU
		{BD44F42E-9D09-45F6-A4B9-A7D4D0FC8679}.Debug|Any CPU.ActiveCfg = Debug|Any CPU
		{BD44F42E-9D09-45F6-A4B9-A7D4D0FC8679}.Debug|Any CPU.Build.0 = Debug|Any CPU
		{BD44F42E-9D09-45F6-A4B9-A7D4D0FC8679}.Release|Any CPU.ActiveCfg = Release|Any CPU
		{BD44F42E-9D09-45F6-A4B9-A7D4D0FC8679}.Release|Any CPU.Build.0 = Release|Any CPU
		{678DF6E8-C7DB-4819-83C0-F8C6DC65F4BC}.Debug|Any CPU.ActiveCfg = Debug|Any CPU
		{678DF6E8-C7DB-4819-83C0-F8C6DC65F4BC}.Debug|Any CPU.Build.0 = Debug|Any CPU
		{678DF6E8-C7DB-4819-83C0-F8C6DC65F4BC}.Release|Any CPU.ActiveCfg = Release|Any CPU
		{678DF6E8-C7DB-4819-83C0-F8C6DC65F4BC}.Release|Any CPU.Build.0 = Release|Any CPU
		{C6B47A84-4980-4CD0-AC8F-C832CC705F89}.Debug|Any CPU.ActiveCfg = Debug|Any CPU
		{C6B47A84-4980-4CD0-AC8F-C832CC705F89}.Debug|Any CPU.Build.0 = Debug|Any CPU
		{C6B47A84-4980-4CD0-AC8F-C832CC705F89}.Release|Any CPU.ActiveCfg = Release|Any CPU
		{C6B47A84-4980-4CD0-AC8F-C832CC705F89}.Release|Any CPU.Build.0 = Release|Any CPU
		{A5AD9DB5-194D-4A7B-96EA-5F9467BB023C}.Debug|Any CPU.ActiveCfg = Debug|Any CPU
		{A5AD9DB5-194D-4A7B-96EA-5F9467BB023C}.Debug|Any CPU.Build.0 = Debug|Any CPU
		{A5AD9DB5-194D-4A7B-96EA-5F9467BB023C}.Release|Any CPU.ActiveCfg = Release|Any CPU
		{A5AD9DB5-194D-4A7B-96EA-5F9467BB023C}.Release|Any CPU.Build.0 = Release|Any CPU
		{146EDF6D-F1B0-4EA4-B14E-466BBB756082}.Debug|Any CPU.ActiveCfg = Debug|Any CPU
		{146EDF6D-F1B0-4EA4-B14E-466BBB756082}.Debug|Any CPU.Build.0 = Debug|Any CPU
		{146EDF6D-F1B0-4EA4-B14E-466BBB756082}.Release|Any CPU.ActiveCfg = Release|Any CPU
		{146EDF6D-F1B0-4EA4-B14E-466BBB756082}.Release|Any CPU.Build.0 = Release|Any CPU
		{7837F696-7B08-46DA-8D16-A1B76A9688ED}.Debug|Any CPU.ActiveCfg = Debug|Any CPU
		{7837F696-7B08-46DA-8D16-A1B76A9688ED}.Debug|Any CPU.Build.0 = Debug|Any CPU
		{7837F696-7B08-46DA-8D16-A1B76A9688ED}.Release|Any CPU.ActiveCfg = Release|Any CPU
		{7837F696-7B08-46DA-8D16-A1B76A9688ED}.Release|Any CPU.Build.0 = Release|Any CPU
		{22F19EBE-6458-44FC-9B13-A0AF44C10C35}.Debug|Any CPU.ActiveCfg = Debug|Any CPU
		{22F19EBE-6458-44FC-9B13-A0AF44C10C35}.Debug|Any CPU.Build.0 = Debug|Any CPU
		{22F19EBE-6458-44FC-9B13-A0AF44C10C35}.Release|Any CPU.ActiveCfg = Release|Any CPU
		{22F19EBE-6458-44FC-9B13-A0AF44C10C35}.Release|Any CPU.Build.0 = Release|Any CPU
		{25818CCA-23C8-4B03-8925-8E753535E724}.Debug|Any CPU.ActiveCfg = Debug|Any CPU
		{25818CCA-23C8-4B03-8925-8E753535E724}.Debug|Any CPU.Build.0 = Debug|Any CPU
		{25818CCA-23C8-4B03-8925-8E753535E724}.Release|Any CPU.ActiveCfg = Release|Any CPU
		{25818CCA-23C8-4B03-8925-8E753535E724}.Release|Any CPU.Build.0 = Release|Any CPU
		{677AF8DD-843D-4C59-8D8E-29828D0EDBEA}.Debug|Any CPU.ActiveCfg = Debug|Any CPU
		{677AF8DD-843D-4C59-8D8E-29828D0EDBEA}.Debug|Any CPU.Build.0 = Debug|Any CPU
		{677AF8DD-843D-4C59-8D8E-29828D0EDBEA}.Release|Any CPU.ActiveCfg = Release|Any CPU
		{677AF8DD-843D-4C59-8D8E-29828D0EDBEA}.Release|Any CPU.Build.0 = Release|Any CPU
		{CC472D80-A296-4554-B15F-672D2A5A2F73}.Debug|Any CPU.ActiveCfg = Debug|Any CPU
		{CC472D80-A296-4554-B15F-672D2A5A2F73}.Debug|Any CPU.Build.0 = Debug|Any CPU
		{CC472D80-A296-4554-B15F-672D2A5A2F73}.Release|Any CPU.ActiveCfg = Release|Any CPU
		{CC472D80-A296-4554-B15F-672D2A5A2F73}.Release|Any CPU.Build.0 = Release|Any CPU
		{8A207527-3A36-4DEB-BE3B-7F03B3064FA8}.Debug|Any CPU.ActiveCfg = Debug|Any CPU
		{8A207527-3A36-4DEB-BE3B-7F03B3064FA8}.Debug|Any CPU.Build.0 = Debug|Any CPU
		{8A207527-3A36-4DEB-BE3B-7F03B3064FA8}.Release|Any CPU.ActiveCfg = Release|Any CPU
		{8A207527-3A36-4DEB-BE3B-7F03B3064FA8}.Release|Any CPU.Build.0 = Release|Any CPU
		{E5964BAC-23A5-430E-B37A-A285CFEB66C1}.Debug|Any CPU.ActiveCfg = Debug|Any CPU
		{E5964BAC-23A5-430E-B37A-A285CFEB66C1}.Debug|Any CPU.Build.0 = Debug|Any CPU
		{E5964BAC-23A5-430E-B37A-A285CFEB66C1}.Release|Any CPU.ActiveCfg = Release|Any CPU
		{E5964BAC-23A5-430E-B37A-A285CFEB66C1}.Release|Any CPU.Build.0 = Release|Any CPU
		{0077996D-5BDA-4459-82E2-06DB694E73CA}.Debug|Any CPU.ActiveCfg = Debug|Any CPU
		{0077996D-5BDA-4459-82E2-06DB694E73CA}.Debug|Any CPU.Build.0 = Debug|Any CPU
		{0077996D-5BDA-4459-82E2-06DB694E73CA}.Release|Any CPU.ActiveCfg = Release|Any CPU
		{0077996D-5BDA-4459-82E2-06DB694E73CA}.Release|Any CPU.Build.0 = Release|Any CPU
		{CF60A46F-FF5B-436A-BD7B-96800AB0055D}.Debug|Any CPU.ActiveCfg = Debug|Any CPU
		{CF60A46F-FF5B-436A-BD7B-96800AB0055D}.Debug|Any CPU.Build.0 = Debug|Any CPU
		{CF60A46F-FF5B-436A-BD7B-96800AB0055D}.Release|Any CPU.ActiveCfg = Release|Any CPU
		{CF60A46F-FF5B-436A-BD7B-96800AB0055D}.Release|Any CPU.Build.0 = Release|Any CPU
		{49AF3402-A8C2-4BD2-945C-169576083A53}.Debug|Any CPU.ActiveCfg = Debug|Any CPU
		{49AF3402-A8C2-4BD2-945C-169576083A53}.Debug|Any CPU.Build.0 = Debug|Any CPU
		{49AF3402-A8C2-4BD2-945C-169576083A53}.Release|Any CPU.ActiveCfg = Release|Any CPU
		{49AF3402-A8C2-4BD2-945C-169576083A53}.Release|Any CPU.Build.0 = Release|Any CPU
		{B140B93F-BD19-4D40-B53B-BE3417A15E41}.Debug|Any CPU.ActiveCfg = Debug|Any CPU
		{B140B93F-BD19-4D40-B53B-BE3417A15E41}.Debug|Any CPU.Build.0 = Debug|Any CPU
		{B140B93F-BD19-4D40-B53B-BE3417A15E41}.Release|Any CPU.ActiveCfg = Release|Any CPU
		{B140B93F-BD19-4D40-B53B-BE3417A15E41}.Release|Any CPU.Build.0 = Release|Any CPU
		{90690D64-6895-45D9-BB7A-595A735FC994}.Debug|Any CPU.ActiveCfg = Debug|Any CPU
		{90690D64-6895-45D9-BB7A-595A735FC994}.Debug|Any CPU.Build.0 = Debug|Any CPU
		{90690D64-6895-45D9-BB7A-595A735FC994}.Release|Any CPU.ActiveCfg = Release|Any CPU
		{90690D64-6895-45D9-BB7A-595A735FC994}.Release|Any CPU.Build.0 = Release|Any CPU
		{1D98F88E-2094-4D3B-B274-0DBB0CE0FC46}.Debug|Any CPU.ActiveCfg = Debug|Any CPU
		{1D98F88E-2094-4D3B-B274-0DBB0CE0FC46}.Debug|Any CPU.Build.0 = Debug|Any CPU
		{1D98F88E-2094-4D3B-B274-0DBB0CE0FC46}.Release|Any CPU.ActiveCfg = Release|Any CPU
		{1D98F88E-2094-4D3B-B274-0DBB0CE0FC46}.Release|Any CPU.Build.0 = Release|Any CPU
		{4FCD78CE-ADD8-4E16-BB78-041373DD690D}.Debug|Any CPU.ActiveCfg = Debug|Any CPU
		{4FCD78CE-ADD8-4E16-BB78-041373DD690D}.Debug|Any CPU.Build.0 = Debug|Any CPU
		{4FCD78CE-ADD8-4E16-BB78-041373DD690D}.Release|Any CPU.ActiveCfg = Release|Any CPU
		{4FCD78CE-ADD8-4E16-BB78-041373DD690D}.Release|Any CPU.Build.0 = Release|Any CPU
		{DA9F3069-1FD3-4E30-8106-B6A48123B2AC}.Debug|Any CPU.ActiveCfg = Debug|Any CPU
		{DA9F3069-1FD3-4E30-8106-B6A48123B2AC}.Debug|Any CPU.Build.0 = Debug|Any CPU
		{DA9F3069-1FD3-4E30-8106-B6A48123B2AC}.Release|Any CPU.ActiveCfg = Release|Any CPU
		{DA9F3069-1FD3-4E30-8106-B6A48123B2AC}.Release|Any CPU.Build.0 = Release|Any CPU
		{972A964C-E079-41F8-9613-BB41BF39B5AA}.Debug|Any CPU.ActiveCfg = Debug|Any CPU
		{972A964C-E079-41F8-9613-BB41BF39B5AA}.Debug|Any CPU.Build.0 = Debug|Any CPU
		{972A964C-E079-41F8-9613-BB41BF39B5AA}.Release|Any CPU.ActiveCfg = Release|Any CPU
		{972A964C-E079-41F8-9613-BB41BF39B5AA}.Release|Any CPU.Build.0 = Release|Any CPU
		{2CC9DD59-D03F-433A-A6CF-B9EEB4AB1D67}.Debug|Any CPU.ActiveCfg = Debug|Any CPU
		{2CC9DD59-D03F-433A-A6CF-B9EEB4AB1D67}.Debug|Any CPU.Build.0 = Debug|Any CPU
		{2CC9DD59-D03F-433A-A6CF-B9EEB4AB1D67}.Release|Any CPU.ActiveCfg = Release|Any CPU
		{2CC9DD59-D03F-433A-A6CF-B9EEB4AB1D67}.Release|Any CPU.Build.0 = Release|Any CPU
		{B44548A1-21EA-486B-AE7F-88D5A837FEB4}.Debug|Any CPU.ActiveCfg = Debug|Any CPU
		{B44548A1-21EA-486B-AE7F-88D5A837FEB4}.Debug|Any CPU.Build.0 = Debug|Any CPU
		{B44548A1-21EA-486B-AE7F-88D5A837FEB4}.Release|Any CPU.ActiveCfg = Release|Any CPU
		{B44548A1-21EA-486B-AE7F-88D5A837FEB4}.Release|Any CPU.Build.0 = Release|Any CPU
		{0D3E50DD-E9EA-433B-9A5D-9F4202F47F50}.Debug|Any CPU.ActiveCfg = Debug|Any CPU
		{0D3E50DD-E9EA-433B-9A5D-9F4202F47F50}.Debug|Any CPU.Build.0 = Debug|Any CPU
		{0D3E50DD-E9EA-433B-9A5D-9F4202F47F50}.Release|Any CPU.ActiveCfg = Release|Any CPU
		{0D3E50DD-E9EA-433B-9A5D-9F4202F47F50}.Release|Any CPU.Build.0 = Release|Any CPU
		{46734E3B-1247-4060-930A-8BDD23AC5BFA}.Debug|Any CPU.ActiveCfg = Debug|Any CPU
		{46734E3B-1247-4060-930A-8BDD23AC5BFA}.Debug|Any CPU.Build.0 = Debug|Any CPU
		{46734E3B-1247-4060-930A-8BDD23AC5BFA}.Release|Any CPU.ActiveCfg = Release|Any CPU
		{46734E3B-1247-4060-930A-8BDD23AC5BFA}.Release|Any CPU.Build.0 = Release|Any CPU
		{B3308DC1-719A-4B3C-B8F6-595250D7DE58}.Debug|Any CPU.ActiveCfg = Debug|Any CPU
		{B3308DC1-719A-4B3C-B8F6-595250D7DE58}.Debug|Any CPU.Build.0 = Debug|Any CPU
		{B3308DC1-719A-4B3C-B8F6-595250D7DE58}.Release|Any CPU.ActiveCfg = Release|Any CPU
		{B3308DC1-719A-4B3C-B8F6-595250D7DE58}.Release|Any CPU.Build.0 = Release|Any CPU
	EndGlobalSection
	GlobalSection(SolutionProperties) = preSolution
		HideSolutionNode = FALSE
	EndGlobalSection
	GlobalSection(NestedProjects) = preSolution
		{86946004-D2C3-46BB-AE3C-B7E04161573A} = {A0BBD039-A3A2-4544-B247-A072CE9E3BEE}
		{BD44F42E-9D09-45F6-A4B9-A7D4D0FC8679} = {8C8FC27A-D1CD-4BF8-B7F6-38392AE2C3DE}
		{678DF6E8-C7DB-4819-83C0-F8C6DC65F4BC} = {A0BBD039-A3A2-4544-B247-A072CE9E3BEE}
		{C6B47A84-4980-4CD0-AC8F-C832CC705F89} = {A0BBD039-A3A2-4544-B247-A072CE9E3BEE}
		{A5AD9DB5-194D-4A7B-96EA-5F9467BB023C} = {B0AF2136-AA5B-469E-8790-436BFE42F64F}
		{146EDF6D-F1B0-4EA4-B14E-466BBB756082} = {B0AF2136-AA5B-469E-8790-436BFE42F64F}
		{7837F696-7B08-46DA-8D16-A1B76A9688ED} = {B0AF2136-AA5B-469E-8790-436BFE42F64F}
		{22F19EBE-6458-44FC-9B13-A0AF44C10C35} = {B0AF2136-AA5B-469E-8790-436BFE42F64F}
		{25818CCA-23C8-4B03-8925-8E753535E724} = {8C8FC27A-D1CD-4BF8-B7F6-38392AE2C3DE}
		{677AF8DD-843D-4C59-8D8E-29828D0EDBEA} = {8C8FC27A-D1CD-4BF8-B7F6-38392AE2C3DE}
		{CC472D80-A296-4554-B15F-672D2A5A2F73} = {A0BBD039-A3A2-4544-B247-A072CE9E3BEE}
		{8A207527-3A36-4DEB-BE3B-7F03B3064FA8} = {A0BBD039-A3A2-4544-B247-A072CE9E3BEE}
		{E5964BAC-23A5-430E-B37A-A285CFEB66C1} = {70C7E4E6-2AEB-4293-8A4D-4E42FD4C5298}
		{0077996D-5BDA-4459-82E2-06DB694E73CA} = {70C7E4E6-2AEB-4293-8A4D-4E42FD4C5298}
		{CF60A46F-FF5B-436A-BD7B-96800AB0055D} = {8C8FC27A-D1CD-4BF8-B7F6-38392AE2C3DE}
		{49AF3402-A8C2-4BD2-945C-169576083A53} = {8C8FC27A-D1CD-4BF8-B7F6-38392AE2C3DE}
		{70C7E4E6-2AEB-4293-8A4D-4E42FD4C5298} = {B0AF2136-AA5B-469E-8790-436BFE42F64F}
		{B140B93F-BD19-4D40-B53B-BE3417A15E41} = {A0BBD039-A3A2-4544-B247-A072CE9E3BEE}
		{90690D64-6895-45D9-BB7A-595A735FC994} = {B0AF2136-AA5B-469E-8790-436BFE42F64F}
		{1D98F88E-2094-4D3B-B274-0DBB0CE0FC46} = {8C8FC27A-D1CD-4BF8-B7F6-38392AE2C3DE}
		{4FCD78CE-ADD8-4E16-BB78-041373DD690D} = {8C8FC27A-D1CD-4BF8-B7F6-38392AE2C3DE}
		{DA9F3069-1FD3-4E30-8106-B6A48123B2AC} = {8C8FC27A-D1CD-4BF8-B7F6-38392AE2C3DE}
		{972A964C-E079-41F8-9613-BB41BF39B5AA} = {B0AF2136-AA5B-469E-8790-436BFE42F64F}
		{2CC9DD59-D03F-433A-A6CF-B9EEB4AB1D67} = {8C8FC27A-D1CD-4BF8-B7F6-38392AE2C3DE}
		{B44548A1-21EA-486B-AE7F-88D5A837FEB4} = {A0BBD039-A3A2-4544-B247-A072CE9E3BEE}
		{0D3E50DD-E9EA-433B-9A5D-9F4202F47F50} = {B0AF2136-AA5B-469E-8790-436BFE42F64F}
		{46734E3B-1247-4060-930A-8BDD23AC5BFA} = {8C8FC27A-D1CD-4BF8-B7F6-38392AE2C3DE}
		{B3308DC1-719A-4B3C-B8F6-595250D7DE58} = {8C8FC27A-D1CD-4BF8-B7F6-38392AE2C3DE}
	EndGlobalSection
	GlobalSection(ExtensibilityGlobals) = postSolution
		SolutionGuid = {FC4FC2CE-8DBC-4D0B-9996-94668A20EA62}
	EndGlobalSection
EndGlobal
