
Microsoft Visual Studio Solution File, Format Version 12.00
# Visual Studio Version 16
VisualStudioVersion = 16.0.31025.194
MinimumVisualStudioVersion = 10.0.40219.1
Project("{9A19103F-16F7-4668-BE54-9A1E7A4F7556}") = "Chat.Common", "Chat.Common\Chat.Common.csproj", "{E03F7DE8-F916-481E-A046-3C776CFBDAFD}"
EndProject
Project("{9A19103F-16F7-4668-BE54-9A1E7A4F7556}") = "server", "server\server.csproj", "{3AF02F3D-9EB9-48FC-A03F-09863ABDE081}"
EndProject
Project("{9A19103F-16F7-4668-BE54-9A1E7A4F7556}") = "client1", "client1\client1.csproj", "{6D40EC8A-7D93-42F4-A4AD-3D1307F00AA2}"
EndProject
Project("{9A19103F-16F7-4668-BE54-9A1E7A4F7556}") = "client2", "client2\client2.csproj", "{E4FA7260-D450-410F-91FB-B614CEF48229}"
EndProject
Project("{FAE04EC0-301F-11D3-BF4B-00C04F79EFBC}") = "TestSite", "TestSite\TestSite.csproj", "{9608383D-A502-4AE4-AAAC-95B64ECAE31F}"
EndProject
Global
	GlobalSection(SolutionConfigurationPlatforms) = preSolution
		Debug|Any CPU = Debug|Any CPU
		Release|Any CPU = Release|Any CPU
	EndGlobalSection
	GlobalSection(ProjectConfigurationPlatforms) = postSolution
		{E03F7DE8-F916-481E-A046-3C776CFBDAFD}.Debug|Any CPU.ActiveCfg = Debug|Any CPU
		{E03F7DE8-F916-481E-A046-3C776CFBDAFD}.Debug|Any CPU.Build.0 = Debug|Any CPU
		{E03F7DE8-F916-481E-A046-3C776CFBDAFD}.Release|Any CPU.ActiveCfg = Release|Any CPU
		{E03F7DE8-F916-481E-A046-3C776CFBDAFD}.Release|Any CPU.Build.0 = Release|Any CPU
		{3AF02F3D-9EB9-48FC-A03F-09863ABDE081}.Debug|Any CPU.ActiveCfg = Debug|Any CPU
		{3AF02F3D-9EB9-48FC-A03F-09863ABDE081}.Debug|Any CPU.Build.0 = Debug|Any CPU
		{3AF02F3D-9EB9-48FC-A03F-09863ABDE081}.Release|Any CPU.ActiveCfg = Release|Any CPU
		{3AF02F3D-9EB9-48FC-A03F-09863ABDE081}.Release|Any CPU.Build.0 = Release|Any CPU
		{6D40EC8A-7D93-42F4-A4AD-3D1307F00AA2}.Debug|Any CPU.ActiveCfg = Debug|Any CPU
		{6D40EC8A-7D93-42F4-A4AD-3D1307F00AA2}.Debug|Any CPU.Build.0 = Debug|Any CPU
		{6D40EC8A-7D93-42F4-A4AD-3D1307F00AA2}.Release|Any CPU.ActiveCfg = Release|Any CPU
		{6D40EC8A-7D93-42F4-A4AD-3D1307F00AA2}.Release|Any CPU.Build.0 = Release|Any CPU
		{E4FA7260-D450-410F-91FB-B614CEF48229}.Debug|Any CPU.ActiveCfg = Debug|Any CPU
		{E4FA7260-D450-410F-91FB-B614CEF48229}.Debug|Any CPU.Build.0 = Debug|Any CPU
		{E4FA7260-D450-410F-91FB-B614CEF48229}.Release|Any CPU.ActiveCfg = Release|Any CPU
		{E4FA7260-D450-410F-91FB-B614CEF48229}.Release|Any CPU.Build.0 = Release|Any CPU
		{9608383D-A502-4AE4-AAAC-95B64ECAE31F}.Debug|Any CPU.ActiveCfg = Debug|Any CPU
		{9608383D-A502-4AE4-AAAC-95B64ECAE31F}.Debug|Any CPU.Build.0 = Debug|Any CPU
		{9608383D-A502-4AE4-AAAC-95B64ECAE31F}.Release|Any CPU.ActiveCfg = Release|Any CPU
		{9608383D-A502-4AE4-AAAC-95B64ECAE31F}.Release|Any CPU.Build.0 = Release|Any CPU
	EndGlobalSection
	GlobalSection(SolutionProperties) = preSolution
		HideSolutionNode = FALSE
	EndGlobalSection
	GlobalSection(ExtensibilityGlobals) = postSolution
		SolutionGuid = {D91E52C8-AD14-4D98-B536-FE4BD64461EB}
	EndGlobalSection
EndGlobal
